
Microsoft Visual Studio Solution File, Format Version 12.00
# Visual Studio 15
VisualStudioVersion = 15.0.26730.3
MinimumVisualStudioVersion = 15.0.26124.0
Project("{9A19103F-16F7-4668-BE54-9A1E7A4F7556}") = "ClassLibrary1", "ClassLibrary1\ClassLibrary1.csproj", "{EFB0B0E4-8199-4B58-BD9A-C3222E11E47A}"
EndProject
Project("{9A19103F-16F7-4668-BE54-9A1E7A4F7556}") = "WebApplication1", "WebApplication1\WebApplication1.csproj", "{015DF1A0-05AA-44B1-A1C4-12B432061888}"
EndProject
Project("{FAE04EC0-301F-11D3-BF4B-00C04F79EFBC}") = "ConsoleApp1", "ConsoleApp1\ConsoleApp1.csproj", "{8AD7CFCB-FF30-434D-82BE-A15F4584A972}"
EndProject
Global
	GlobalSection(SolutionConfigurationPlatforms) = preSolution
		Debug|Any CPU = Debug|Any CPU
		Debug|x64 = Debug|x64
		Debug|x86 = Debug|x86
		Release|Any CPU = Release|Any CPU
		Release|x64 = Release|x64
		Release|x86 = Release|x86
	EndGlobalSection
	GlobalSection(ProjectConfigurationPlatforms) = postSolution
		{EFB0B0E4-8199-4B58-BD9A-C3222E11E47A}.Debug|Any CPU.ActiveCfg = Debug|Any CPU
		{EFB0B0E4-8199-4B58-BD9A-C3222E11E47A}.Debug|Any CPU.Build.0 = Debug|Any CPU
		{EFB0B0E4-8199-4B58-BD9A-C3222E11E47A}.Debug|x64.ActiveCfg = Debug|Any CPU
		{EFB0B0E4-8199-4B58-BD9A-C3222E11E47A}.Debug|x64.Build.0 = Debug|Any CPU
		{EFB0B0E4-8199-4B58-BD9A-C3222E11E47A}.Debug|x86.ActiveCfg = Debug|Any CPU
		{EFB0B0E4-8199-4B58-BD9A-C3222E11E47A}.Debug|x86.Build.0 = Debug|Any CPU
		{EFB0B0E4-8199-4B58-BD9A-C3222E11E47A}.Release|Any CPU.ActiveCfg = Release|Any CPU
		{EFB0B0E4-8199-4B58-BD9A-C3222E11E47A}.Release|Any CPU.Build.0 = Release|Any CPU
		{EFB0B0E4-8199-4B58-BD9A-C3222E11E47A}.Release|x64.ActiveCfg = Release|Any CPU
		{EFB0B0E4-8199-4B58-BD9A-C3222E11E47A}.Release|x64.Build.0 = Release|Any CPU
		{EFB0B0E4-8199-4B58-BD9A-C3222E11E47A}.Release|x86.ActiveCfg = Release|Any CPU
		{EFB0B0E4-8199-4B58-BD9A-C3222E11E47A}.Release|x86.Build.0 = Release|Any CPU
		{015DF1A0-05AA-44B1-A1C4-12B432061888}.Debug|Any CPU.ActiveCfg = Debug|Any CPU
		{015DF1A0-05AA-44B1-A1C4-12B432061888}.Debug|Any CPU.Build.0 = Debug|Any CPU
		{015DF1A0-05AA-44B1-A1C4-12B432061888}.Debug|x64.ActiveCfg = Debug|Any CPU
		{015DF1A0-05AA-44B1-A1C4-12B432061888}.Debug|x64.Build.0 = Debug|Any CPU
		{015DF1A0-05AA-44B1-A1C4-12B432061888}.Debug|x86.ActiveCfg = Debug|Any CPU
		{015DF1A0-05AA-44B1-A1C4-12B432061888}.Debug|x86.Build.0 = Debug|Any CPU
		{015DF1A0-05AA-44B1-A1C4-12B432061888}.Release|Any CPU.ActiveCfg = Release|Any CPU
		{015DF1A0-05AA-44B1-A1C4-12B432061888}.Release|Any CPU.Build.0 = Release|Any CPU
		{015DF1A0-05AA-44B1-A1C4-12B432061888}.Release|x64.ActiveCfg = Release|Any CPU
		{015DF1A0-05AA-44B1-A1C4-12B432061888}.Release|x64.Build.0 = Release|Any CPU
		{015DF1A0-05AA-44B1-A1C4-12B432061888}.Release|x86.ActiveCfg = Release|Any CPU
		{015DF1A0-05AA-44B1-A1C4-12B432061888}.Release|x86.Build.0 = Release|Any CPU
		{8AD7CFCB-FF30-434D-82BE-A15F4584A972}.Debug|Any CPU.ActiveCfg = Debug|Any CPU
		{8AD7CFCB-FF30-434D-82BE-A15F4584A972}.Debug|Any CPU.Build.0 = Debug|Any CPU
		{8AD7CFCB-FF30-434D-82BE-A15F4584A972}.Debug|x64.ActiveCfg = Debug|Any CPU
		{8AD7CFCB-FF30-434D-82BE-A15F4584A972}.Debug|x64.Build.0 = Debug|Any CPU
		{8AD7CFCB-FF30-434D-82BE-A15F4584A972}.Debug|x86.ActiveCfg = Debug|Any CPU
		{8AD7CFCB-FF30-434D-82BE-A15F4584A972}.Debug|x86.Build.0 = Debug|Any CPU
		{8AD7CFCB-FF30-434D-82BE-A15F4584A972}.Release|Any CPU.ActiveCfg = Release|Any CPU
		{8AD7CFCB-FF30-434D-82BE-A15F4584A972}.Release|Any CPU.Build.0 = Release|Any CPU
		{8AD7CFCB-FF30-434D-82BE-A15F4584A972}.Release|x64.ActiveCfg = Release|Any CPU
		{8AD7CFCB-FF30-434D-82BE-A15F4584A972}.Release|x64.Build.0 = Release|Any CPU
		{8AD7CFCB-FF30-434D-82BE-A15F4584A972}.Release|x86.ActiveCfg = Release|Any CPU
		{8AD7CFCB-FF30-434D-82BE-A15F4584A972}.Release|x86.Build.0 = Release|Any CPU
	EndGlobalSection
	GlobalSection(SolutionProperties) = preSolution
		HideSolutionNode = FALSE
	EndGlobalSection
	GlobalSection(ExtensibilityGlobals) = postSolution
		SolutionGuid = {486D2584-14B7-438A-8766-ECF83380157F}
	EndGlobalSection
EndGlobal
